<Solution>
  <Project Path="Vega.Core/Vega.Core.csproj" Id="f4474eda-0654-44ad-a3a8-bcc3d2267b69" />
  <Project Path="Vega.Data/Vega.Data.csproj" Id="6d56c6ea-1719-475f-b555-96d9813db207" />
  <Project Path="Vega.Altium/Vega.Altium.csproj" />
  <Project Path="Vega.CAD/Vega.CAD.csproj" />
  <Project Path="Vega.Gerber/Vega.Gerber.csproj" />
  <Project Path="Vega.Infrastructure/Vega.Infrastructure.csproj" Id="d4e6b3f9-f225-4e73-81c4-ad9ae7905a61" />
  <Project Path="Vega.Models/Vega.Models.csproj" Id="1c0adcd8-9427-4750-9e49-d4e748f7719b" />
  <Project Path="Vega.PnP/Vega.PnP.csproj" />
  <Project Path="Vega.PackageRecognition/Vega.PackageRecognition.csproj" />
  <Project Path="Vega.TechnologyKnowledge/Vega.TechnologyKnowledge.csproj" />
  <Project Path="Vega.TechnologyDecision/Vega.TechnologyDecision.csproj" />
  <Project Path="Vega.ProcessLearning/Vega.ProcessLearning.csproj" />
  <Project Path="Vega.DefectDictionary/Vega.DefectDictionary.csproj" />
  <Project Path="Vega.ReflowProfile/Vega.ReflowProfile.csproj" />
  <Project Path="Vega.ProductionTracking/Vega.ProductionTracking.csproj" />
  <Project Path="Vega.QualityAnalytics/Vega.QualityAnalytics.csproj" />
  <Project Path="Vega.EngineeringDashboard/Vega.EngineeringDashboard.csproj" />
  <Project Path="Vega.Services/Vega.Services.csproj" Id="b8f781e8-f992-48b9-a50b-b874d6fc5fde" />
  <Project Path="Vega.StencilCAM/Vega.StencilCAM.csproj" />
  <Project Path="Vega.StencilInput/Vega.StencilInput.csproj" />
  <Project Path="Vega.StencilViewer/Vega.StencilViewer.csproj" />
  <Project Path="Vega.StencilWorkflow/Vega.StencilWorkflow.csproj" />
  <Project Path="Vega.StencilHistory/Vega.StencilHistory.csproj" />
  <Project Path="Vega.Report/Vega.Report.csproj" />
  <Project Path="Vega.StencilUI/Vega.StencilUI.csproj" />
  <Project Path="Vega.Tests/Vega.Tests.csproj" Id="147b617e-fa9e-45fe-9449-2781447353e1" />
  <Project Path="Vega.UI/Vega.UI.csproj" Id="15c4b6c7-c17f-4af5-b391-00a4a1f25999" />
</Solution>
